
Microsoft Visual Studio Solution File, Format Version 12.00
Project("{FAE04EC0-301F-11D3-BF4B-00C04F79EFBC}") = "Main", "Main\Main.csproj", "{5398CBA6-482E-4489-88E7-1867E24162F5}"
EndProject
Project("{FAE04EC0-301F-11D3-BF4B-00C04F79EFBC}") = "ShapeLibrary", "ShapeLibrary\ShapeLibrary.csproj", "{4EB39070-7131-419F-BC6A-4A8B0CD6936A}"
EndProject
Project("{FAE04EC0-301F-11D3-BF4B-00C04F79EFBC}") = "TestProject1", "TestProject1\TestProject1.csproj", "{C8113202-BE25-447F-9740-069A14660F9A}"
EndProject
Global
	GlobalSection(SolutionConfigurationPlatforms) = preSolution
		Debug|Any CPU = Debug|Any CPU
		Release|Any CPU = Release|Any CPU
	EndGlobalSection
	GlobalSection(ProjectConfigurationPlatforms) = postSolution
		{5398CBA6-482E-4489-88E7-1867E24162F5}.Debug|Any CPU.ActiveCfg = Debug|Any CPU
		{5398CBA6-482E-4489-88E7-1867E24162F5}.Debug|Any CPU.Build.0 = Debug|Any CPU
		{5398CBA6-482E-4489-88E7-1867E24162F5}.Release|Any CPU.ActiveCfg = Release|Any CPU
		{5398CBA6-482E-4489-88E7-1867E24162F5}.Release|Any CPU.Build.0 = Release|Any CPU
		{4EB39070-7131-419F-BC6A-4A8B0CD6936A}.Debug|Any CPU.ActiveCfg = Debug|Any CPU
		{4EB39070-7131-419F-BC6A-4A8B0CD6936A}.Debug|Any CPU.Build.0 = Debug|Any CPU
		{4EB39070-7131-419F-BC6A-4A8B0CD6936A}.Release|Any CPU.ActiveCfg = Release|Any CPU
		{4EB39070-7131-419F-BC6A-4A8B0CD6936A}.Release|Any CPU.Build.0 = Release|Any CPU
		{C8113202-BE25-447F-9740-069A14660F9A}.Debug|Any CPU.ActiveCfg = Debug|Any CPU
		{C8113202-BE25-447F-9740-069A14660F9A}.Debug|Any CPU.Build.0 = Debug|Any CPU
		{C8113202-BE25-447F-9740-069A14660F9A}.Release|Any CPU.ActiveCfg = Release|Any CPU
		{C8113202-BE25-447F-9740-069A14660F9A}.Release|Any CPU.Build.0 = Release|Any CPU
	EndGlobalSection
EndGlobal
